{
  "version": "2",
  "remote": {
    "https://deno.land/std@0.111.0/_util/assert.ts": "2f868145a042a11d5ad0a3c748dcf580add8a0dbc0e876eaa0026303a5488f58",
    "https://deno.land/std@0.111.0/_util/os.ts": "dfb186cc4e968c770ab6cc3288bd65f4871be03b93beecae57d657232ecffcac",
    "https://deno.land/std@0.111.0/bytes/bytes_list.ts": "3bff6a09c72b2e0b1e92e29bd3b135053894196cca07a2bba842901073efe5cb",
    "https://deno.land/std@0.111.0/bytes/equals.ts": "69f55fdbd45c71f920c1a621e6c0865dc780cd8ae34e0f5e55a9497b70c31c1b",
    "https://deno.land/std@0.111.0/bytes/mod.ts": "fedb80b8da2e7ad8dd251148e65f92a04c73d6c5a430b7d197dc39588c8dda6f",
    "https://deno.land/std@0.111.0/fmt/colors.ts": "8368ddf2d48dfe413ffd04cdbb7ae6a1009cf0dccc9c7ff1d76259d9c61a0621",
    "https://deno.land/std@0.111.0/fs/_util.ts": "f2ce811350236ea8c28450ed822a5f42a0892316515b1cd61321dec13569c56b",
    "https://deno.land/std@0.111.0/fs/ensure_dir.ts": "b7c103dc41a3d1dbbb522bf183c519c37065fdc234831a4a0f7d671b1ed5fea7",
    "https://deno.land/std@0.111.0/hash/sha256.ts": "bd85257c68d1fdd9da8457284c4fbb04efa9f4f2229b5f41a638d5b71a3a8d5c",
    "https://deno.land/std@0.111.0/io/buffer.ts": "fdf93ba9e5d20ff3369e2c42443efd89131f8a73066f7f59c033cc588a0e2cfe",
    "https://deno.land/std@0.111.0/io/types.d.ts": "89a27569399d380246ca7cdd9e14d5e68459f11fb6110790cc5ecbd4ee7f3215",
    "https://deno.land/std@0.111.0/path/_constants.ts": "1247fee4a79b70c89f23499691ef169b41b6ccf01887a0abd131009c5581b853",
    "https://deno.land/std@0.111.0/path/_interface.ts": "1fa73b02aaa24867e481a48492b44f2598cd9dfa513c7b34001437007d3642e4",
    "https://deno.land/std@0.111.0/path/_util.ts": "2e06a3b9e79beaf62687196bd4b60a4c391d862cfa007a20fc3a39f778ba073b",
    "https://deno.land/std@0.111.0/path/common.ts": "f41a38a0719a1e85aa11c6ba3bea5e37c15dd009d705bd8873f94c833568cbc4",
    "https://deno.land/std@0.111.0/path/glob.ts": "ea87985765b977cc284b92771003b2070c440e0807c90e1eb0ff3e095911a820",
    "https://deno.land/std@0.111.0/path/mod.ts": "4465dc494f271b02569edbb4a18d727063b5dbd6ed84283ff906260970a15d12",
    "https://deno.land/std@0.111.0/path/posix.ts": "34349174b9cd121625a2810837a82dd8b986bbaaad5ade690d1de75bbb4555b2",
    "https://deno.land/std@0.111.0/path/separator.ts": "8fdcf289b1b76fd726a508f57d3370ca029ae6976fcde5044007f062e643ff1c",
    "https://deno.land/std@0.111.0/path/win32.ts": "11549e8c6df8307a8efcfa47ad7b2a75da743eac7d4c89c9723a944661c8bd2e",
    "https://deno.land/std@0.111.0/streams/conversion.ts": "fe0059ed9d3c53eda4ba44eb71a6a9acb98c5fdb5ba1b6c6ab28004724c7641b",
    "https://deno.land/std@0.126.0/_deno_unstable.ts": "23a1a36928f1b6d3b0170aaa67de09af12aa998525f608ff7331b9fb364cbde6",
    "https://deno.land/std@0.126.0/_util/assert.ts": "6396c1bd0361c4939e7f32f9b03efffcd04b640a1b206ed67058553d6cb59cc4",
    "https://deno.land/std@0.126.0/_util/os.ts": "49b92edea1e82ba295ec946de8ffd956ed123e2948d9bd1d3e901b04e4307617",
    "https://deno.land/std@0.126.0/async/deadline.ts": "edbdf6cd7a5e3337c4c24c9b616491f8f1d61d36fc415d5d5b4af33557de0d23",
    "https://deno.land/std@0.126.0/async/debounce.ts": "3cf9306b4e9038ee3238111e338f412ecf3541b1a97ba9fc1f960be8af5a5f39",
    "https://deno.land/std@0.126.0/async/deferred.ts": "677692a2399d4cabbc45e06abe4f585afd6196c59e24a98edb866598af9f0eef",
    "https://deno.land/std@0.126.0/async/delay.ts": "f38013c800f5129b14fdbf41fb4f4fbaf9525f69f4266946e14d0cf57c830b0c",
    "https://deno.land/std@0.126.0/async/mod.ts": "a28709190a1966cb50e5815ef269bb588ee192373cde73b1096641820dc52a36",
    "https://deno.land/std@0.126.0/async/mux_async_iterator.ts": "35561f258d32c77170f9d1faf3d650890fb6502d5fe12f505c050b4ea1aee899",
    "https://deno.land/std@0.126.0/async/pool.ts": "97b0dd27c69544e374df857a40902e74e39532f226005543eabacb551e277082",
    "https://deno.land/std@0.126.0/async/tee.ts": "518c7bfd5184c8cd92b47115026a6a2243e81d83e2c3e71c2aa5cdb5988998b1",
    "https://deno.land/std@0.126.0/bytes/bytes_list.ts": "cfe63225fc153a1ae8f18c1d68d979e131906487664719d92771642b6587b11c",
    "https://deno.land/std@0.126.0/bytes/equals.ts": "6f38a72d4a75a1232fe984e5fb362b962c2e9bec6385f4ca13252e1ca53dba00",
    "https://deno.land/std@0.126.0/bytes/mod.ts": "ed5c42feb746c3709d186787346004f97301dc076b33434653e451efd8efcf6a",
    "https://deno.land/std@0.126.0/encoding/base64.ts": "784384e3cc39c59534d15f71e87f5b8da73cc5e1460417eb32ec9d62617d4f87",
    "https://deno.land/std@0.126.0/encoding/base64url.ts": "e604e5c7d37e77093a30834abc5cfd4795967c484725d006db6be0b0c26b43e6",
    "https://deno.land/std@0.126.0/flags/mod.ts": "fb2703f9e412da6b24ddf29da3fd1fd6ca9f2501303ec58c2536d48f1e492b21",
    "https://deno.land/std@0.126.0/fmt/colors.ts": "870f10d440af4c309ab7bff97266d8ddb2c8a69039bcbd33253c8bfc14502116",
    "https://deno.land/std@0.126.0/fmt/printf.ts": "e2c0f72146aed1efecf0c39ab928b26ae493a2278f670a871a0fbdcf36ff3379",
    "https://deno.land/std@0.126.0/http/http_status.ts": "3e0b5615881917ad82bddf5395fbab6a82d2d20c1d77e98089513a26e3257b2c",
    "https://deno.land/std@0.126.0/io/buffer.ts": "09e3111ebf8f354afcc6cdf9697f21167e8289f57bf753650f68b231f4782187",
    "https://deno.land/std@0.126.0/io/types.d.ts": "01f60ae7ec02675b5dbed150d258fc184a78dfe5c209ef53ba4422b46b58822c",
    "https://deno.land/std@0.126.0/node/_async_hooks.ts": "0a9acb20b344dda136cf00dbc7757a68f0525451a70a226b182b2ef89282dac6",
    "https://deno.land/std@0.126.0/node/_buffer.d.ts": "90f674081428a61978b6d481c5f557ff743a3f4a85d7ae113caab48fdf5b8a63",
    "https://deno.land/std@0.126.0/node/_buffer.js": "25ab711fd157e3059cdad2e8fddb414256d8ad557705b7b4731d699172ae6aca",
    "https://deno.land/std@0.126.0/node/_core.ts": "568d277be2e086af996cbdd599fec569f5280e9a494335ca23ad392b130d7bb9",
    "https://deno.land/std@0.126.0/node/_dns/_utils.ts": "42494c8b8fa1c13eb134c5696744f77197717fa857e4d05147f2395a739b0a40",
    "https://deno.land/std@0.126.0/node/_events.d.ts": "5b6d1a7931eb692d3b64018e7a3f57310284d3bf467aa2e6371c65bb626c1859",
    "https://deno.land/std@0.126.0/node/_events.js": "f12f76d27bc4960534fd4bfb2c44b585964a08e455c01dc394a8b4e380e53be6",
    "https://deno.land/std@0.126.0/node/_fixed_queue.ts": "455b3c484de48e810b13bdf95cd1658ecb1ba6bcb8b9315ffe994efcde3ba5f5",
    "https://deno.land/std@0.126.0/node/_global.d.ts": "6dadaf8cec2a0c506b22170617286e0bdc80be53dd0673e67fc7dd37a1130c68",
    "https://deno.land/std@0.126.0/node/_http_agent.js": "a6947953b074935d26886c0f65ccc9e885d3f751034eeaaf0b758d5662967b17",
    "https://deno.land/std@0.126.0/node/_http_common.ts": "73a9ec85e8d62a783b2a52577ebeafc3d69f9be21ba12e654dfbde455cf58162",
    "https://deno.land/std@0.126.0/node/_http_outgoing.ts": "0e93954c65878baf4f85346992cb5e09c4778e8a44a6435f74bb50b2b1b7ca3e",
    "https://deno.land/std@0.126.0/node/_next_tick.ts": "27c1c196d26145ec12d6b64b071e30b0757a3029810444cb0c796b35f136ffe5",
    "https://deno.land/std@0.126.0/node/_options.ts": "27f3c1269a700d330cc046cf748aa9178b8fc39d1473de625688e07cb0eb9d28",
    "https://deno.land/std@0.126.0/node/_process/exiting.ts": "bc9694769139ffc596f962087155a8bfef10101d03423b9dcbc51ce6e1f88fce",
    "https://deno.land/std@0.126.0/node/_process/process.ts": "dfc4a4c49043613c2dbde04c1503c7a4c95f05d590d7236f2a9577e1e3d38672",
    "https://deno.land/std@0.126.0/node/_process/stdio.js": "971c3b086040d8521562155db13f22f9971d5c42c852b2081d4d2f0d8b6ab6bd",
    "https://deno.land/std@0.126.0/node/_process/streams.js": "a79c0419d3e3b5922f97f48d19d77d8193c413fb437f69edd4f7ec19fafb4f8b",
    "https://deno.land/std@0.126.0/node/_stream.d.ts": "08fc67048c5b046fb4ccbdf1bc395a8bb01fb94897c2c66987c21c2b5cd924ff",
    "https://deno.land/std@0.126.0/node/_stream.js": "356ad3610ee0ea6f8cbd702b4cd02d418e0b37e45f961ea55a36f212cc7208d7",
    "https://deno.land/std@0.126.0/node/_util/_util_callbackify.ts": "79928ad80df3e469f7dcdb198118a7436d18a9f6c08bd7a4382332ad25a718cf",
    "https://deno.land/std@0.126.0/node/_utils.ts": "c2c352e83c4c96f5ff994b1c8246bff2abcb21bfc3f1c06162cb3af1d201e615",
    "https://deno.land/std@0.126.0/node/async_hooks.ts": "46c984350011acc2d60c402d4365288975a72c1da20f7bb4e4ab9c498057166b",
    "https://deno.land/std@0.126.0/node/buffer.ts": "ebb53ccf8000341c279537b3d36a3b37c62c8e5d66eabc2c6762449e60ff4342",
    "https://deno.land/std@0.126.0/node/dns.ts": "c02cfcc660324e723d72bc398076bb05472eddfe6e42433a70d53f339be7ac6b",
    "https://deno.land/std@0.126.0/node/events.ts": "b07029f2845a806e2023df4e0399467fed6ac0e73f2aff987852f0e9ed0bbe97",
    "https://deno.land/std@0.126.0/node/http.ts": "629fd7ce968ac9600bf9d97e718578fc922cda5bf20237181ee5fae3a3116a87",
    "https://deno.land/std@0.126.0/node/internal/assert.js": "118327c8866266534b30d3a36ad978204af7336dc2db3158b8167192918d4e06",
    "https://deno.land/std@0.126.0/node/internal/async_hooks.ts": "8f0bdc9648fe6a9e84c4a0c5d09ff6d5f2b73286efce6140f5b683c4080a6b09",
    "https://deno.land/std@0.126.0/node/internal/blob.js": "52080b2f40b114203df67f8a6650f9fe3c653912b8b3ef2f31f029853df4db53",
    "https://deno.land/std@0.126.0/node/internal/buffer.js": "6662fe7fe517329453545be34cea27a24f8ccd6d09afd4f609f11ade2b6dfca7",
    "https://deno.land/std@0.126.0/node/internal/crypto/keys.ts": "b0ea2f98861ba3c97be3518f69c442d8f08a566fff97571048c6c63dc4cf8bbe",
    "https://deno.land/std@0.126.0/node/internal/crypto/util.js": "1de55a47fdbed6721b467a77ba48fdd1550c10b5eee77bbdb602eaffee365a5e",
    "https://deno.land/std@0.126.0/node/internal/dtrace.ts": "50dd0e77b0269e47ff673bdb9ad0ef0ea3a3c53ac30c1695883ce4748e04ca14",
    "https://deno.land/std@0.126.0/node/internal/error_codes.ts": "ac03c4eae33de3a69d6c98e8678003207eecf75a6900eb847e3fea3c8c9e6d8f",
    "https://deno.land/std@0.126.0/node/internal/errors.ts": "134dc4aa7e5b03a73c27fa264e234ff30ed12635eeb3cf0a3594030503468ce2",
    "https://deno.land/std@0.126.0/node/internal/hide_stack_frames.ts": "a91962ec84610bc7ec86022c4593cdf688156a5910c07b5bcd71994225c13a03",
    "https://deno.land/std@0.126.0/node/internal/http.ts": "a11279b083ff930fda17914b6d72cc9ff96c14155158dbdfe5209f8782c74f5d",
    "https://deno.land/std@0.126.0/node/internal/idna.ts": "a8bdd28431f06630d8aad85d3cb8fd862459107af228c8805373ad2080f1c587",
    "https://deno.land/std@0.126.0/node/internal/net.ts": "1239886cd2508a68624c2dae8abf895e8aa3bb15a748955349f9ac5539032238",
    "https://deno.land/std@0.126.0/node/internal/normalize_encoding.js": "3779ec8a7adf5d963b0224f9b85d1bc974a2ec2db0e858396b5d3c2c92138a0a",
    "https://deno.land/std@0.126.0/node/internal/querystring.ts": "c3b23674a379f696e505606ddce9c6feabe9fc497b280c56705c340f4028fe74",
    "https://deno.land/std@0.126.0/node/internal/stream_base_commons.ts": "a1ada2b452435c9d53d9f34c7e13016a91ba939f6bc2ca3656704bcd2b95c2ed",
    "https://deno.land/std@0.126.0/node/internal/streams/_utils.ts": "77fceaa766679847e4d4c3c96b2573c00a790298d90551e8e4df1d5e0fdaad3b",
    "https://deno.land/std@0.126.0/node/internal/streams/add-abort-signal.js": "ce0d9b8b9ff8ae6945383b8c3a9a1841ab886d69ae19fc0d1fb322b4a94d9bac",
    "https://deno.land/std@0.126.0/node/internal/streams/buffer_list.js": "5999ce6a1b892413b3dbcfe9785a2827a31421e656205df6202203e059698197",
    "https://deno.land/std@0.126.0/node/internal/streams/compose.js": "79cebb505a6102c4950ab0fa8ddb0ab842a4d7f82df0bc563ca78ed505924aaf",
    "https://deno.land/std@0.126.0/node/internal/streams/destroy.js": "9c9bbeb172a437041d529829f433df72cf0b63ae49f3ee6080a55ffbef7572ad",
    "https://deno.land/std@0.126.0/node/internal/streams/duplex.js": "dc64a2eb8e29f1af38fb675a07b000f6dbbef09323a768573c51432c24bf0304",
    "https://deno.land/std@0.126.0/node/internal/streams/end-of-stream.js": "bae79cb570f2453f60986d13b3db2115bdc52e02ae371d8b44bc5e1208e1f03c",
    "https://deno.land/std@0.126.0/node/internal/streams/from.js": "134255c698ed63b33199911eb8e042f8f67e9682409bb11552e6120041ed1872",
    "https://deno.land/std@0.126.0/node/internal/streams/legacy.js": "6ea28db95d4503447473e62f0b23ff473bfe1751223c33a3c5816652e93b257a",
    "https://deno.land/std@0.126.0/node/internal/streams/passthrough.js": "6c314f880204a269d40b27290032928207cbb7b76210af763dbd08ac962d3b94",
    "https://deno.land/std@0.126.0/node/internal/streams/pipeline.js": "4d5e6f12100a54937f3994fa8916adbdc97f3ff2f9f35a48cb7add195c0e6033",
    "https://deno.land/std@0.126.0/node/internal/streams/readable.js": "1a6a41c84ed80fac4bb2e778703463bc3d91abe74bb86b7489a7c4eff96c8770",
    "https://deno.land/std@0.126.0/node/internal/streams/state.js": "9ef917392a9d8005a6e038260c5fd31518d2753aea0bc9e39824c199310434cb",
    "https://deno.land/std@0.126.0/node/internal/streams/transform.js": "71affb795fe707d671ac975667419c7b955f8abd49a5e6ba477ae15bcffb4ad9",
    "https://deno.land/std@0.126.0/node/internal/streams/utils.js": "06c21d0db0d51f1bf1e3225a661c3c29909be80355d268e64ee5922fc5eb6c5e",
    "https://deno.land/std@0.126.0/node/internal/streams/writable.js": "b3d6e078fb46fa8fdc903cba449d73822f95307224f53bcdd5b8c4768b044b14",
    "https://deno.land/std@0.126.0/node/internal/timers.js": "f07b1cbf0f64a99b5acb87338aa6f3ef3a8513fd4a8b862b38f4a01bfb78d6f7",
    "https://deno.land/std@0.126.0/node/internal/url.ts": "eacef0ace4f4c5394e9818a81499f4871b2a993d1bd3b902047e44a381ef0e22",
    "https://deno.land/std@0.126.0/node/internal/util.js": "7f8119680dfba8c824c2497e7da0143dcdc4d8e9d09813d5a401837f6c74e1fa",
    "https://deno.land/std@0.126.0/node/internal/util/comparisons.ts": "1a4a94ef3ac9b6fddc4ebd62f899c43a225f1333689aa2b9f26d272bcc5b518a",
    "https://deno.land/std@0.126.0/node/internal/util/debuglog.ts": "acf36c9d7b70b4a0ce0acb1699f8cb114e99c7e02b4a489d16e17694d168975d",
    "https://deno.land/std@0.126.0/node/internal/util/inspect.js": "1c117ce5a2e0f174a21f7e0eca7ca8e068e71e0c702da4c33eda58aa9b3e7c3a",
    "https://deno.land/std@0.126.0/node/internal/util/types.ts": "b2dacb8f1f5d28a51c4da5c5b75172b7fcf694073ce95ca141323657e18b0c60",
    "https://deno.land/std@0.126.0/node/internal/validators.js": "59ca35a207c2fa9fe4927d5e403ccbade8d7d9b7c2a6dbfc0b519f8f12622999",
    "https://deno.land/std@0.126.0/node/internal_binding/_libuv_winerror.ts": "801e05c2742ae6cd42a5f0fd555a255a7308a65732551e962e5345f55eedc519",
    "https://deno.land/std@0.126.0/node/internal_binding/_node.ts": "e4075ba8a37aef4eb5b592c8e3807c39cb49ca8653faf8e01a43421938076c1b",
    "https://deno.land/std@0.126.0/node/internal_binding/_utils.ts": "1c50883b5751a9ea1b38951e62ed63bacfdc9d69ea665292edfa28e1b1c5bd94",
    "https://deno.land/std@0.126.0/node/internal_binding/_winerror.ts": "8811d4be66f918c165370b619259c1f35e8c3e458b8539db64c704fbde0a7cd2",
    "https://deno.land/std@0.126.0/node/internal_binding/async_wrap.ts": "f06b8a403ad871248eb064190d27bf6fefdbe948991e71a18d7077390d5773f9",
    "https://deno.land/std@0.126.0/node/internal_binding/buffer.ts": "722c62b85f966e0777b2d98c021b60e75d7f2c2dabc43413ef37d60dbd13a5d9",
    "https://deno.land/std@0.126.0/node/internal_binding/cares_wrap.ts": "25b7b5d56612b2985260b673021828d6511a1c83b4c1927f5732cad2f2a718af",
    "https://deno.land/std@0.126.0/node/internal_binding/config.ts": "e292217d048a33573966b7d25352828d3282921fbcadce8735a20fb3da370cc4",
    "https://deno.land/std@0.126.0/node/internal_binding/connection_wrap.ts": "0380444ee94d5bd7b0b09921223d16729c9762a94e80b7f51eda49c7f42e6d0a",
    "https://deno.land/std@0.126.0/node/internal_binding/constants.ts": "aff06aac49eda4234bd3a2b0b8e1fbfc67824e281c532ff9960831ab503014cc",
    "https://deno.land/std@0.126.0/node/internal_binding/contextify.ts": "e292217d048a33573966b7d25352828d3282921fbcadce8735a20fb3da370cc4",
    "https://deno.land/std@0.126.0/node/internal_binding/credentials.ts": "e292217d048a33573966b7d25352828d3282921fbcadce8735a20fb3da370cc4",
    "https://deno.land/std@0.126.0/node/internal_binding/crypto.ts": "e292217d048a33573966b7d25352828d3282921fbcadce8735a20fb3da370cc4",
    "https://deno.land/std@0.126.0/node/internal_binding/errors.ts": "e292217d048a33573966b7d25352828d3282921fbcadce8735a20fb3da370cc4",
    "https://deno.land/std@0.126.0/node/internal_binding/fs.ts": "e292217d048a33573966b7d25352828d3282921fbcadce8735a20fb3da370cc4",
    "https://deno.land/std@0.126.0/node/internal_binding/fs_dir.ts": "e292217d048a33573966b7d25352828d3282921fbcadce8735a20fb3da370cc4",
    "https://deno.land/std@0.126.0/node/internal_binding/fs_event_wrap.ts": "e292217d048a33573966b7d25352828d3282921fbcadce8735a20fb3da370cc4",
    "https://deno.land/std@0.126.0/node/internal_binding/handle_wrap.ts": "e59df84b1fb1b9823b09774b3e512d9c0029b4557400d09dd02cd7661c2c4830",
    "https://deno.land/std@0.126.0/node/internal_binding/heap_utils.ts": "e292217d048a33573966b7d25352828d3282921fbcadce8735a20fb3da370cc4",
    "https://deno.land/std@0.126.0/node/internal_binding/http_parser.ts": "e292217d048a33573966b7d25352828d3282921fbcadce8735a20fb3da370cc4",
    "https://deno.land/std@0.126.0/node/internal_binding/icu.ts": "e292217d048a33573966b7d25352828d3282921fbcadce8735a20fb3da370cc4",
    "https://deno.land/std@0.126.0/node/internal_binding/inspector.ts": "e292217d048a33573966b7d25352828d3282921fbcadce8735a20fb3da370cc4",
    "https://deno.land/std@0.126.0/node/internal_binding/js_stream.ts": "e292217d048a33573966b7d25352828d3282921fbcadce8735a20fb3da370cc4",
    "https://deno.land/std@0.126.0/node/internal_binding/messaging.ts": "e292217d048a33573966b7d25352828d3282921fbcadce8735a20fb3da370cc4",
    "https://deno.land/std@0.126.0/node/internal_binding/mod.ts": "f68e74e8eed84eaa6b0de24f0f4c47735ed46866d7ee1c5a5e7c0667b4f0540f",
    "https://deno.land/std@0.126.0/node/internal_binding/module_wrap.ts": "e292217d048a33573966b7d25352828d3282921fbcadce8735a20fb3da370cc4",
    "https://deno.land/std@0.126.0/node/internal_binding/native_module.ts": "e292217d048a33573966b7d25352828d3282921fbcadce8735a20fb3da370cc4",
    "https://deno.land/std@0.126.0/node/internal_binding/natives.ts": "e292217d048a33573966b7d25352828d3282921fbcadce8735a20fb3da370cc4",
    "https://deno.land/std@0.126.0/node/internal_binding/node_file.ts": "c96ee0b2af319a3916de950a6c4b0d5fb00d09395c51cd239c54d95d62567aaf",
    "https://deno.land/std@0.126.0/node/internal_binding/node_options.ts": "3cd5706153d28a4f5944b8b162c1c61b7b8e368a448fb1a2cff9f7957d3db360",
    "https://deno.land/std@0.126.0/node/internal_binding/options.ts": "e292217d048a33573966b7d25352828d3282921fbcadce8735a20fb3da370cc4",
    "https://deno.land/std@0.126.0/node/internal_binding/os.ts": "e292217d048a33573966b7d25352828d3282921fbcadce8735a20fb3da370cc4",
    "https://deno.land/std@0.126.0/node/internal_binding/performance.ts": "e292217d048a33573966b7d25352828d3282921fbcadce8735a20fb3da370cc4",
    "https://deno.land/std@0.126.0/node/internal_binding/pipe_wrap.ts": "4c995b17e0d0a576c24f4224881f1ccd7a17340e953397db40bae10604948e3b",
    "https://deno.land/std@0.126.0/node/internal_binding/process_methods.ts": "e292217d048a33573966b7d25352828d3282921fbcadce8735a20fb3da370cc4",
    "https://deno.land/std@0.126.0/node/internal_binding/report.ts": "e292217d048a33573966b7d25352828d3282921fbcadce8735a20fb3da370cc4",
    "https://deno.land/std@0.126.0/node/internal_binding/serdes.ts": "e292217d048a33573966b7d25352828d3282921fbcadce8735a20fb3da370cc4",
    "https://deno.land/std@0.126.0/node/internal_binding/signal_wrap.ts": "e292217d048a33573966b7d25352828d3282921fbcadce8735a20fb3da370cc4",
    "https://deno.land/std@0.126.0/node/internal_binding/spawn_sync.ts": "e292217d048a33573966b7d25352828d3282921fbcadce8735a20fb3da370cc4",
    "https://deno.land/std@0.126.0/node/internal_binding/stream_wrap.ts": "da8096896d69b9780ba2069e55e771d53423adb40b75e632667c5073a087a589",
    "https://deno.land/std@0.126.0/node/internal_binding/string_decoder.ts": "5cb1863763d1e9b458bc21d6f976f16d9c18b3b3f57eaf0ade120aee38fba227",
    "https://deno.land/std@0.126.0/node/internal_binding/symbols.ts": "51cfca9bb6132d42071d4e9e6b68a340a7f274041cfcba3ad02900886e972a6c",
    "https://deno.land/std@0.126.0/node/internal_binding/task_queue.ts": "e292217d048a33573966b7d25352828d3282921fbcadce8735a20fb3da370cc4",
    "https://deno.land/std@0.126.0/node/internal_binding/tcp_wrap.ts": "dd5c953db856559c5e56fac87e2a779dd74b12d76fb45c40d764ce48c8e7f8d6",
    "https://deno.land/std@0.126.0/node/internal_binding/timers.ts": "e292217d048a33573966b7d25352828d3282921fbcadce8735a20fb3da370cc4",
    "https://deno.land/std@0.126.0/node/internal_binding/tls_wrap.ts": "e292217d048a33573966b7d25352828d3282921fbcadce8735a20fb3da370cc4",
    "https://deno.land/std@0.126.0/node/internal_binding/trace_events.ts": "e292217d048a33573966b7d25352828d3282921fbcadce8735a20fb3da370cc4",
    "https://deno.land/std@0.126.0/node/internal_binding/tty_wrap.ts": "e292217d048a33573966b7d25352828d3282921fbcadce8735a20fb3da370cc4",
    "https://deno.land/std@0.126.0/node/internal_binding/types.ts": "4c26fb74ba2e45de553c15014c916df6789529a93171e450d5afb016b4c765e7",
    "https://deno.land/std@0.126.0/node/internal_binding/udp_wrap.ts": "e292217d048a33573966b7d25352828d3282921fbcadce8735a20fb3da370cc4",
    "https://deno.land/std@0.126.0/node/internal_binding/url.ts": "e292217d048a33573966b7d25352828d3282921fbcadce8735a20fb3da370cc4",
    "https://deno.land/std@0.126.0/node/internal_binding/util.ts": "90364292e2bd598ab5d105b48ca49817b6708f2d1d9cbaf08b2b3ab5ca4c90a7",
    "https://deno.land/std@0.126.0/node/internal_binding/uv.ts": "3821bc5e676d6955d68f581988c961d77dd28190aba5a9c59f16001a4deb34ba",
    "https://deno.land/std@0.126.0/node/internal_binding/v8.ts": "e292217d048a33573966b7d25352828d3282921fbcadce8735a20fb3da370cc4",
    "https://deno.land/std@0.126.0/node/internal_binding/worker.ts": "e292217d048a33573966b7d25352828d3282921fbcadce8735a20fb3da370cc4",
    "https://deno.land/std@0.126.0/node/internal_binding/zlib.ts": "e292217d048a33573966b7d25352828d3282921fbcadce8735a20fb3da370cc4",
    "https://deno.land/std@0.126.0/node/net.ts": "558c67d634c17168902b40583846567ecd47890bb4298dc81dce44631eac8025",
    "https://deno.land/std@0.126.0/node/path.ts": "c65858e9cbb52dbc0dd348eefcdc41e82906c39cfa7982f2d4d805e828414b8c",
    "https://deno.land/std@0.126.0/node/path/_constants.ts": "bd26f24a052b7d6b746151f4a236d29ab3c2096883bb6449c2fa499494406672",
    "https://deno.land/std@0.126.0/node/path/_interface.ts": "6034ee29f6f295460ec82db1a94df9269aecbb0eceb81be72e9d843f8e8a97e6",
    "https://deno.land/std@0.126.0/node/path/_util.ts": "9d4735fc05f8f1fb94406450e84e23fd201dc3fef5298b009e44cfa4e797b8f0",
    "https://deno.land/std@0.126.0/node/path/common.ts": "f41a38a0719a1e85aa11c6ba3bea5e37c15dd009d705bd8873f94c833568cbc4",
    "https://deno.land/std@0.126.0/node/path/glob.ts": "d6b64a24f148855a6e8057a171a2f9910c39e492e4ccec482005205b28eb4533",
    "https://deno.land/std@0.126.0/node/path/mod.ts": "dd0b7e8cc45cc58f390cc26e6674951c1668e2062ae64f75cb22645edecf23fe",
    "https://deno.land/std@0.126.0/node/path/posix.ts": "30512b88a472455663dbe0b765ac32d8522e1772bdb68cb9b4a44721b3541d61",
    "https://deno.land/std@0.126.0/node/path/separator.ts": "c908c9c28ebe7f1fea67daaccf84b63af90d882fe986f9fa03af9563a852723a",
    "https://deno.land/std@0.126.0/node/path/win32.ts": "d684d5264ef43577fbded900d6de37bd8cebc8d431615da80aa7bc29615dd240",
    "https://deno.land/std@0.126.0/node/process.ts": "7514b64d557063f7684e1bb51d7cb2f9a067d15d4f6b00ef9ecefaeb83640189",
    "https://deno.land/std@0.126.0/node/querystring.ts": "967b8a7b00a73ebe373666deb3a7e501f164bac27bb342fde7221ecbb3522689",
    "https://deno.land/std@0.126.0/node/stream.ts": "24a7187e84c167a682b852a2bd3f02f093df4c24ceff73844cf0142070b1ef8f",
    "https://deno.land/std@0.126.0/node/stream/promises.js": "cc11f0c61b0b4e9a18e92ee83521eb3356c79f8e94fb78161a9ff56cfb923106",
    "https://deno.land/std@0.126.0/node/string_decoder.ts": "51ce85a173d2e36ac580d418bb48b804adb41732fc8bd85f7d5d27b7accbc61f",
    "https://deno.land/std@0.126.0/node/timers.ts": "bd48ef8e1ac403530d8a8903368282209b0402abf04da46cdb05b71940a86955",
    "https://deno.land/std@0.126.0/node/url.ts": "c9d92db6d11622446c9f2a743546c3fcdae2759d0d01f3f8acc857b977138186",
    "https://deno.land/std@0.126.0/node/util.ts": "4fb10c189a8c067882c14d5279244df4fdb5cc0505aa377d0c125f018f026c3e",
    "https://deno.land/std@0.126.0/node/util/types.js": "f9288198cacd374b41bae7e92a23179d3160f4c0eaf14e19be3a4e7057219a60",
    "https://deno.land/std@0.126.0/path/_constants.ts": "df1db3ffa6dd6d1252cc9617e5d72165cd2483df90e93833e13580687b6083c3",
    "https://deno.land/std@0.126.0/path/_interface.ts": "ee3b431a336b80cf445441109d089b70d87d5e248f4f90ff906820889ecf8d09",
    "https://deno.land/std@0.126.0/path/_util.ts": "c1e9686d0164e29f7d880b2158971d805b6e0efc3110d0b3e24e4b8af2190d2b",
    "https://deno.land/std@0.126.0/path/common.ts": "bee563630abd2d97f99d83c96c2fa0cca7cee103e8cb4e7699ec4d5db7bd2633",
    "https://deno.land/std@0.126.0/path/glob.ts": "cb5255638de1048973c3e69e420c77dc04f75755524cb3b2e160fe9277d939ee",
    "https://deno.land/std@0.126.0/path/mod.ts": "4275129bb766f0e475ecc5246aa35689eeade419d72a48355203f31802640be7",
    "https://deno.land/std@0.126.0/path/posix.ts": "663e4a6fe30a145f56aa41a22d95114c4c5582d8b57d2d7c9ed27ad2c47636bb",
    "https://deno.land/std@0.126.0/path/separator.ts": "fe1816cb765a8068afb3e8f13ad272351c85cbc739af56dacfc7d93d710fe0f9",
    "https://deno.land/std@0.126.0/path/win32.ts": "e7bdf63e8d9982b4d8a01ef5689425c93310ece950e517476e22af10f41a136e",
    "https://deno.land/std@0.126.0/streams/conversion.ts": "fec481215c9c376047e7cc4251933c37f00708b2a582ee39b320c6e0a7e1e379",
    "https://deno.land/std@0.126.0/testing/_diff.ts": "9d849cd6877694152e01775b2d93f9d6b7aef7e24bfe3bfafc4d7a1ac8e9f392",
    "https://deno.land/std@0.126.0/testing/asserts.ts": "b7a2b7f80a12b9b2abe1bfeb7b84ead0e971671977c4d70390f43abd85c904ae",
    "https://deno.land/std@0.140.0/_util/assert.ts": "e94f2eb37cebd7f199952e242c77654e43333c1ac4c5c700e929ea3aa5489f74",
    "https://deno.land/std@0.140.0/_util/os.ts": "3b4c6e27febd119d36a416d7a97bd3b0251b77c88942c8f16ee5953ea13e2e49",
    "https://deno.land/std@0.140.0/fs/_util.ts": "0fb24eb4bfebc2c194fb1afdb42b9c3dda12e368f43e8f2321f84fc77d42cb0f",
    "https://deno.land/std@0.140.0/fs/ensure_dir.ts": "9dc109c27df4098b9fc12d949612ae5c9c7169507660dcf9ad90631833209d9d",
    "https://deno.land/std@0.140.0/fs/expand_glob.ts": "0c10130d67c9b02164b03df8e43c6d6defbf8e395cb69d09e84a8586e6d72ac3",
    "https://deno.land/std@0.140.0/fs/walk.ts": "117403ccd21fd322febe56ba06053b1ad5064c802170f19b1ea43214088fe95f",
    "https://deno.land/std@0.140.0/path/_constants.ts": "df1db3ffa6dd6d1252cc9617e5d72165cd2483df90e93833e13580687b6083c3",
    "https://deno.land/std@0.140.0/path/_interface.ts": "ee3b431a336b80cf445441109d089b70d87d5e248f4f90ff906820889ecf8d09",
    "https://deno.land/std@0.140.0/path/_util.ts": "c1e9686d0164e29f7d880b2158971d805b6e0efc3110d0b3e24e4b8af2190d2b",
    "https://deno.land/std@0.140.0/path/common.ts": "bee563630abd2d97f99d83c96c2fa0cca7cee103e8cb4e7699ec4d5db7bd2633",
    "https://deno.land/std@0.140.0/path/glob.ts": "cb5255638de1048973c3e69e420c77dc04f75755524cb3b2e160fe9277d939ee",
    "https://deno.land/std@0.140.0/path/mod.ts": "d3e68d0abb393fb0bf94a6d07c46ec31dc755b544b13144dee931d8d5f06a52d",
    "https://deno.land/std@0.140.0/path/posix.ts": "293cdaec3ecccec0a9cc2b534302dfe308adb6f10861fa183275d6695faace44",
    "https://deno.land/std@0.140.0/path/separator.ts": "fe1816cb765a8068afb3e8f13ad272351c85cbc739af56dacfc7d93d710fe0f9",
    "https://deno.land/std@0.140.0/path/win32.ts": "31811536855e19ba37a999cd8d1b62078235548d67902ece4aa6b814596dd757",
    "https://deno.land/std@0.143.0/_util/assert.ts": "e94f2eb37cebd7f199952e242c77654e43333c1ac4c5c700e929ea3aa5489f74",
    "https://deno.land/std@0.143.0/_util/os.ts": "3b4c6e27febd119d36a416d7a97bd3b0251b77c88942c8f16ee5953ea13e2e49",
    "https://deno.land/std@0.143.0/fmt/colors.ts": "30455035d6d728394781c10755351742dd731e3db6771b1843f9b9e490104d37",
    "https://deno.land/std@0.143.0/fs/empty_dir.ts": "7274d87160de34cbed0531e284df383045cf43543bbeadeb97feac598bd8f3c5",
    "https://deno.land/std@0.143.0/fs/expand_glob.ts": "0c10130d67c9b02164b03df8e43c6d6defbf8e395cb69d09e84a8586e6d72ac3",
    "https://deno.land/std@0.143.0/fs/walk.ts": "117403ccd21fd322febe56ba06053b1ad5064c802170f19b1ea43214088fe95f",
    "https://deno.land/std@0.143.0/path/_constants.ts": "df1db3ffa6dd6d1252cc9617e5d72165cd2483df90e93833e13580687b6083c3",
    "https://deno.land/std@0.143.0/path/_interface.ts": "ee3b431a336b80cf445441109d089b70d87d5e248f4f90ff906820889ecf8d09",
    "https://deno.land/std@0.143.0/path/_util.ts": "c1e9686d0164e29f7d880b2158971d805b6e0efc3110d0b3e24e4b8af2190d2b",
    "https://deno.land/std@0.143.0/path/common.ts": "bee563630abd2d97f99d83c96c2fa0cca7cee103e8cb4e7699ec4d5db7bd2633",
    "https://deno.land/std@0.143.0/path/glob.ts": "cb5255638de1048973c3e69e420c77dc04f75755524cb3b2e160fe9277d939ee",
    "https://deno.land/std@0.143.0/path/mod.ts": "d3e68d0abb393fb0bf94a6d07c46ec31dc755b544b13144dee931d8d5f06a52d",
    "https://deno.land/std@0.143.0/path/posix.ts": "293cdaec3ecccec0a9cc2b534302dfe308adb6f10861fa183275d6695faace44",
    "https://deno.land/std@0.143.0/path/separator.ts": "fe1816cb765a8068afb3e8f13ad272351c85cbc739af56dacfc7d93d710fe0f9",
    "https://deno.land/std@0.143.0/path/win32.ts": "31811536855e19ba37a999cd8d1b62078235548d67902ece4aa6b814596dd757",
    "https://deno.land/std@0.152.0/_deno_unstable.ts": "be3276fd42cffb49f51b705c4b0aa8656aaf2a34be22d769455c8e50ea38e51a",
    "https://deno.land/std@0.152.0/_util/assert.ts": "e94f2eb37cebd7f199952e242c77654e43333c1ac4c5c700e929ea3aa5489f74",
    "https://deno.land/std@0.152.0/_util/os.ts": "3b4c6e27febd119d36a416d7a97bd3b0251b77c88942c8f16ee5953ea13e2e49",
    "https://deno.land/std@0.152.0/async/deferred.ts": "bc18e28108252c9f67dfca2bbc4587c3cbf3aeb6e155f8c864ca8ecff992b98a",
    "https://deno.land/std@0.152.0/bytes/bytes_list.ts": "aba5e2369e77d426b10af1de0dcc4531acecec27f9b9056f4f7bfbf8ac147ab4",
    "https://deno.land/std@0.152.0/bytes/equals.ts": "3c3558c3ae85526f84510aa2b48ab2ad7bdd899e2e0f5b7a8ffc85acb3a6043a",
    "https://deno.land/std@0.152.0/bytes/mod.ts": "763f97d33051cc3f28af1a688dfe2830841192a9fea0cbaa55f927b49d49d0bf",
    "https://deno.land/std@0.152.0/crypto/timing_safe_equal.ts": "82a29b737bc8932d75d7a20c404136089d5d23629e94ba14efa98a8cc066c73e",
    "https://deno.land/std@0.152.0/encoding/base64.ts": "c57868ca7fa2fbe919f57f88a623ad34e3d970d675bdc1ff3a9d02bba7409db2",
    "https://deno.land/std@0.152.0/fmt/colors.ts": "6f9340b7fb8cc25a993a99e5efc56fe81bb5af284ff412129dd06df06f53c0b4",
    "https://deno.land/std@0.152.0/fs/_util.ts": "2cf50bfb1081c2d5f2efec10ac19abbc2baf478e51cd1b057d0da2f30585b6ba",
    "https://deno.land/std@0.152.0/fs/copy.ts": "9248d1492599957af8c693ceb10a432b09f0b0b61c60a4d6aff29b0c7d3a17b3",
    "https://deno.land/std@0.152.0/fs/ensure_dir.ts": "9dc109c27df4098b9fc12d949612ae5c9c7169507660dcf9ad90631833209d9d",
    "https://deno.land/std@0.152.0/http/_negotiation/common.ts": "410e902f01cdd324e4746e8017595be4fc357d6fc4cd6044f2f808a943d7eaf7",
    "https://deno.land/std@0.152.0/http/_negotiation/encoding.ts": "f749c1d539d139af783e8a7741de5a47a98a5e3c9af82b8af512567ccf5fe632",
    "https://deno.land/std@0.152.0/http/_negotiation/language.ts": "53c306186904d2dace4c624a8822542866ad332a7f40ac90e0af1504f95c63d0",
    "https://deno.land/std@0.152.0/http/_negotiation/media_type.ts": "ecdda87286495f7ff25116858f5088856953e2f1585e593d314e0c71b826a137",
    "https://deno.land/std@0.152.0/http/http_errors.ts": "fe9b7f95f7ee0592c3306f8c7aed03ba53d55d1ef81e00041c1171b9588f46d9",
    "https://deno.land/std@0.152.0/http/http_status.ts": "897575a7d6bc2b9123f6a38ecbc0f03d95a532c5d92029315dc9f508e12526b8",
    "https://deno.land/std@0.152.0/http/negotiation.ts": "f35b1ff2ad4ff9feaa00ac234960b398172768205c8eceaef7f2eafe34716ba2",
    "https://deno.land/std@0.152.0/io/buffer.ts": "bd0c4bf53db4b4be916ca5963e454bddfd3fcd45039041ea161dbf826817822b",
    "https://deno.land/std@0.152.0/io/bufio.ts": "6892debf4476ba48591f47eadfde232a04f8d3ddaaf134f659234b09ea5d9c40",
    "https://deno.land/std@0.152.0/io/readers.ts": "45847ad404afd2f605eae1cff193f223462bc55eeb9ae313c2f3db28aada0fd6",
    "https://deno.land/std@0.152.0/io/types.d.ts": "0cae3a62da7a37043661746c65c021058bae020b54e50c0e774916e5d4baee43",
    "https://deno.land/std@0.152.0/io/writers.ts": "2e1c63ffd0cfba411b1fd8374609abff9ea86187c9d4d885d42e6fc20325ef0e",
    "https://deno.land/std@0.152.0/media_types/_util.ts": "ce9b4fc4ba1c447dafab619055e20fd88236ca6bdd7834a21f98bd193c3fbfa1",
    "https://deno.land/std@0.152.0/media_types/mod.ts": "3829264ca0610cac40f3214f939d7733483523f82bc1041c51045d7c75fb93b8",
    "https://deno.land/std@0.152.0/media_types/vendor/mime-db.v1.52.0.ts": "724cee25fa40f1a52d3937d6b4fbbfdd7791ff55e1b7ac08d9319d5632c7f5af",
    "https://deno.land/std@0.152.0/path/_constants.ts": "df1db3ffa6dd6d1252cc9617e5d72165cd2483df90e93833e13580687b6083c3",
    "https://deno.land/std@0.152.0/path/_interface.ts": "ee3b431a336b80cf445441109d089b70d87d5e248f4f90ff906820889ecf8d09",
    "https://deno.land/std@0.152.0/path/_util.ts": "c1e9686d0164e29f7d880b2158971d805b6e0efc3110d0b3e24e4b8af2190d2b",
    "https://deno.land/std@0.152.0/path/common.ts": "bee563630abd2d97f99d83c96c2fa0cca7cee103e8cb4e7699ec4d5db7bd2633",
    "https://deno.land/std@0.152.0/path/glob.ts": "cb5255638de1048973c3e69e420c77dc04f75755524cb3b2e160fe9277d939ee",
    "https://deno.land/std@0.152.0/path/mod.ts": "56fec03ad0ebd61b6ab39ddb9b0ddb4c4a5c9f2f4f632e09dd37ec9ebfd722ac",
    "https://deno.land/std@0.152.0/path/posix.ts": "c1f7afe274290ea0b51da07ee205653b2964bd74909a82deb07b69a6cc383aaa",
    "https://deno.land/std@0.152.0/path/separator.ts": "fe1816cb765a8068afb3e8f13ad272351c85cbc739af56dacfc7d93d710fe0f9",
    "https://deno.land/std@0.152.0/path/win32.ts": "bd7549042e37879c68ff2f8576a25950abbfca1d696d41d82c7bca0b7e6f452c",
    "https://deno.land/std@0.152.0/streams/conversion.ts": "fc3db02026183da795fa32ac7549868e9f19c75ba029d4b4c3739af62b48517a",
    "https://deno.land/std@0.152.0/testing/_diff.ts": "029a00560b0d534bc0046f1bce4bd36b3b41ada3f2a3178c85686eb2ff5f1413",
    "https://deno.land/std@0.152.0/testing/_format.ts": "0d8dc79eab15b67cdc532826213bbe05bccfd276ca473a50a3fc7bbfb7260642",
    "https://deno.land/std@0.152.0/testing/asserts.ts": "093735c88f52bbead7f60a1f7a97a2ce4df3c2d5fab00a46956f20b4a5793ccd",
    "https://deno.land/x/code_block_writer@11.0.0/comment_char.ts": "22b66890bbdf7a2d59777ffd8231710c1fda1c11fadada67632a596937a1a314",
    "https://deno.land/x/code_block_writer@11.0.0/mod.ts": "dc43d56c3487bae02886a09754fb09c607da4ea866817e80f3e60632f3391d70",
    "https://deno.land/x/code_block_writer@11.0.0/utils/string_utils.ts": "60cb4ec8bd335bf241ef785ccec51e809d576ff8e8d29da43d2273b69ce2a6ff",
    "https://deno.land/x/deno_cache@0.2.1/auth_tokens.ts": "01b94d25abd974153a3111653998b9a43c66d84a0e4b362fc5f4bbbf40a6e0f7",
    "https://deno.land/x/deno_cache@0.2.1/cache.ts": "67e301c20161546fea45405316314f4c3d85cc7a367b2fb72042903f308f55b7",
    "https://deno.land/x/deno_cache@0.2.1/deno_dir.ts": "e4dc68da5641aa337bcc06fb1df28fcb086b366dcbea7d8aaed7ac7c853fedb1",
    "https://deno.land/x/deno_cache@0.2.1/deps.ts": "2ebaba0ad86fff8b9027c6afd4c3909a17cd8bf8c9e263151c980c15c56a18ee",
    "https://deno.land/x/deno_cache@0.2.1/dirs.ts": "e07003fabed7112375d4a50040297aae768f9d06bb6c2655ca46880653b576b4",
    "https://deno.land/x/deno_cache@0.2.1/disk_cache.ts": "d7a361f0683a032bcca28513a7bbedc28c77cfcc6719e6f6cea156c0ff1108df",
    "https://deno.land/x/deno_cache@0.2.1/file_fetcher.ts": "352702994c190c45215f3b8086621e117e88bc2174b020faefb5eca653d71d6a",
    "https://deno.land/x/deno_cache@0.2.1/http_cache.ts": "af1500149496e2d0acadec24569e2a9c86a3f600cceef045dcf6f5ce8de72b3a",
    "https://deno.land/x/deno_cache@0.2.1/mod.ts": "709ab9d1068be5fd77b020b33e7a9394f1e9b453553b1e2336b72c90283cf3c0",
    "https://deno.land/x/deno_cache@0.2.1/util.ts": "652479928551259731686686ff2df6f26bc04e8e4d311137b2bf3bc10f779f48",
    "https://deno.land/x/deno_graph@0.6.0/lib/deno_graph.generated.js": "3e1cccd6376d4ad0ea789d66aa0f6b19f737fa8da37b5e6185ef5c269c974f54",
    "https://deno.land/x/deno_graph@0.6.0/lib/loader.ts": "13a11c1dea0d85e0ad211be77217b8c06138bbb916afef6f50a04cca415084a9",
    "https://deno.land/x/deno_graph@0.6.0/lib/media_type.ts": "36be751aa63d6ae36475b90dca5fae8fd7c3a77cf13684c48cf23a85ee607b31",
    "https://deno.land/x/deno_graph@0.6.0/lib/snippets/deno_graph-1c138d6136337537/src/deno_apis.js": "f13f2678d875372cf8489ceb7124623a39fa5bf8de8ee1ec722dbb2ec5ec7845",
    "https://deno.land/x/deno_graph@0.6.0/lib/types.d.ts": "68cb232e02a984658b40ffaf6cafb979a06fbfdce7f5bd4c7a83ed1a32a07687",
    "https://deno.land/x/deno_graph@0.6.0/mod.ts": "8fe3d39bdcb273adfb41a0bafbbaabec4c6fe6c611b47fed8f46f218edb37e8e",
    "https://deno.land/x/dnt@0.30.0/lib/compiler.ts": "8e57a6b48981ba1f887048923976cfa82a5f27e19814e42ef7bd674c3932a74c",
    "https://deno.land/x/dnt@0.30.0/lib/compiler_transforms.ts": "316c24175fe6a5d7ac6bb1dd44d14ef8010ea5773a3ac918db4d64f986402d8b",
    "https://deno.land/x/dnt@0.30.0/lib/mod.deps.ts": "ab9c978aefd41d279e7cb6b540e0d874c2f6a8a97228bbcaa8d69e2e57956ef5",
    "https://deno.land/x/dnt@0.30.0/lib/npm_ignore.ts": "ec1a4ca32c5c652c931635632c8fe0e5c8d6c20ab33518a3038fde9163f6da95",
    "https://deno.land/x/dnt@0.30.0/lib/package_json.ts": "a249654f3e5967a04e160b7a0b97ffa6677558acff1486fcad5a83d121edbe68",
    "https://deno.land/x/dnt@0.30.0/lib/pkg/dnt_wasm.generated.js": "f59d9474362ce94cf0f8e546365ac8f3f7682da6e61973aee6266de85fd4beae",
    "https://deno.land/x/dnt@0.30.0/lib/pkg/snippets/dnt-wasm-a15ef721fa5290c5/helpers.js": "2f623f83602d4fbb30caa63444b10e35b45e9c2b267e49585ec9bb790a4888d8",
    "https://deno.land/x/dnt@0.30.0/lib/shims.ts": "c5d107921d194035b5cd0a3df5527fcbe7a3506ad4721eecc6effdbf1c3cf6ad",
    "https://deno.land/x/dnt@0.30.0/lib/test_runner/get_test_runner_code.ts": "b3682b1a34fc39840dd765e993523efdc97e004186c631de6a2d1c6cec3ebe45",
    "https://deno.land/x/dnt@0.30.0/lib/test_runner/test_runner.ts": "fb89eb53964dd8b919a99536f03058778dc12aeeba3b4721e40f1eed8fc938a7",
    "https://deno.land/x/dnt@0.30.0/lib/transform.deps.ts": "c0c3cb56f4dbda74aa6f58d9ae9e8d870accc8d41647396f2634b0a14027b393",
    "https://deno.land/x/dnt@0.30.0/lib/types.ts": "8506b5ced3921a6ac2a1d5a2bb381bfdbf818c68207f14a1a1fffbf48ee95886",
    "https://deno.land/x/dnt@0.30.0/lib/utils.ts": "d2681d634dfa6bd4ad2a32ad15bd419f6f1f895e06c0bf479455fbf1c5f49cd9",
    "https://deno.land/x/dnt@0.30.0/mod.ts": "d8cbced96a00015d8fe820defd0636de4eda000d2bbe883e9b782c2a7df453b5",
    "https://deno.land/x/dnt@0.30.0/transform.ts": "a5f81749ecc145af0730e348d5bb3b9b9c7b922822453561feecbdb0d5462b34",
    "https://deno.land/x/path_to_regexp@v6.2.1/index.ts": "894060567837bae8fc9c5cbd4d0a05e9024672083d5883b525c031eea940e556",
    "https://deno.land/x/ts_morph@15.1.0/bootstrap/mod.ts": "b53aad517f106c4079971fcd4a81ab79fadc40b50061a3ab2b741a09119d51e9",
    "https://deno.land/x/ts_morph@15.1.0/bootstrap/ts_morph_bootstrap.d.ts": "2be47f54ceb6ef524ed0e2e9f80776d93276a1edadfa2191680927dadd3ccd76",
    "https://deno.land/x/ts_morph@15.1.0/bootstrap/ts_morph_bootstrap.js": "e0d65e4c209038948221437bad543df2092c93f76ab76c60eb203e9f108a793a",
    "https://deno.land/x/ts_morph@15.1.0/common/DenoRuntime.ts": "669067e3f7235d554c7dcf9ec4f115b68ad8144488d99cfd04ea8c80461d9215",
    "https://deno.land/x/ts_morph@15.1.0/common/mod.ts": "01985d2ee7da8d1caee318a9d07664774fbee4e31602bc2bb6bb62c3489555ed",
    "https://deno.land/x/ts_morph@15.1.0/common/ts_morph_common.d.ts": "f0099d5cc0c87ace014a72307c90c388bcfb2b4a4986af03b2b5ec5b92e28387",
    "https://deno.land/x/ts_morph@15.1.0/common/ts_morph_common.js": "e43476019b9c74ca9116eb82b97a14e6bc2d1bba55b0575d933d98069c0c0c37",
    "https://deno.land/x/ts_morph@15.1.0/common/typescript.d.ts": "3fa86a2c33804b6a4221dda3714a6a2f8a2f26983ea6c63d2bf6f2839fbb778a",
    "https://deno.land/x/ts_morph@15.1.0/common/typescript.js": "4d7a5d2090a2ba739c02207bd8c49a60c9475dea7725a9cabfaf0f26cbf85f53"
  }
}
